
Microsoft Visual Studio Solution File, Format Version 12.00
# Visual Studio Version 17
VisualStudioVersion = 17.9.34622.214
MinimumVisualStudioVersion = 10.0.40219.1
Project("{9A19103F-16F7-4668-BE54-9A1E7A4F7556}") = "DalTest", "DalTest\DalTest.csproj", "{970FC503-9F9E-4F3C-BF49-75208512FCCA}"
EndProject
Project("{9A19103F-16F7-4668-BE54-9A1E7A4F7556}") = "DalFacade", "DalFacade\DalFacade.csproj", "{E3DC2C07-545E-4A54-94E3-69CFE78250AC}"
EndProject
Project("{9A19103F-16F7-4668-BE54-9A1E7A4F7556}") = "DalList", "DalList\DalList.csproj", "{36710B6F-C35E-4F99-AE0C-374B11581FC7}"
EndProject
Project("{9A19103F-16F7-4668-BE54-9A1E7A4F7556}") = "Tools", "Tools\Tools.csproj", "{EEACE810-9359-4247-A670-25B40C09CF28}"
EndProject
Project("{FAE04EC0-301F-11D3-BF4B-00C04F79EFBC}") = "DalXml", "DalXml\DalXml.csproj", "{4C973531-A9D8-4F42-BAE0-24845692D249}"
EndProject
Project("{2150E333-8FDC-42A3-9474-1A3956D46DE8}") = "xml", "xml", "{8515B2BA-3FB1-4A74-B73D-8FC0AE910E7F}"
	ProjectSection(SolutionItems) = preProject
		xml\customers.xml = xml\customers.xml
		xml\dal-config.xml = xml\dal-config.xml
		xml\data-config.xml = xml\data-config.xml
		xml\sales.xml = xml\sales.xml
		xml\products.xml = xml\products.xml
	EndProjectSection
EndProject
Global
	GlobalSection(SolutionConfigurationPlatforms) = preSolution
		Debug|Any CPU = Debug|Any CPU
		Release|Any CPU = Release|Any CPU
	EndGlobalSection
	GlobalSection(ProjectConfigurationPlatforms) = postSolution
		{970FC503-9F9E-4F3C-BF49-75208512FCCA}.Debug|Any CPU.ActiveCfg = Debug|Any CPU
		{970FC503-9F9E-4F3C-BF49-75208512FCCA}.Debug|Any CPU.Build.0 = Debug|Any CPU
		{970FC503-9F9E-4F3C-BF49-75208512FCCA}.Release|Any CPU.ActiveCfg = Release|Any CPU
		{970FC503-9F9E-4F3C-BF49-75208512FCCA}.Release|Any CPU.Build.0 = Release|Any CPU
		{E3DC2C07-545E-4A54-94E3-69CFE78250AC}.Debug|Any CPU.ActiveCfg = Debug|Any CPU
		{E3DC2C07-545E-4A54-94E3-69CFE78250AC}.Debug|Any CPU.Build.0 = Debug|Any CPU
		{E3DC2C07-545E-4A54-94E3-69CFE78250AC}.Release|Any CPU.ActiveCfg = Release|Any CPU
		{E3DC2C07-545E-4A54-94E3-69CFE78250AC}.Release|Any CPU.Build.0 = Release|Any CPU
		{36710B6F-C35E-4F99-AE0C-374B11581FC7}.Debug|Any CPU.ActiveCfg = Debug|Any CPU
		{36710B6F-C35E-4F99-AE0C-374B11581FC7}.Debug|Any CPU.Build.0 = Debug|Any CPU
		{36710B6F-C35E-4F99-AE0C-374B11581FC7}.Release|Any CPU.ActiveCfg = Release|Any CPU
		{36710B6F-C35E-4F99-AE0C-374B11581FC7}.Release|Any CPU.Build.0 = Release|Any CPU
		{EEACE810-9359-4247-A670-25B40C09CF28}.Debug|Any CPU.ActiveCfg = Debug|Any CPU
		{EEACE810-9359-4247-A670-25B40C09CF28}.Debug|Any CPU.Build.0 = Debug|Any CPU
		{EEACE810-9359-4247-A670-25B40C09CF28}.Release|Any CPU.ActiveCfg = Release|Any CPU
		{EEACE810-9359-4247-A670-25B40C09CF28}.Release|Any CPU.Build.0 = Release|Any CPU
		{4C973531-A9D8-4F42-BAE0-24845692D249}.Debug|Any CPU.ActiveCfg = Debug|Any CPU
		{4C973531-A9D8-4F42-BAE0-24845692D249}.Debug|Any CPU.Build.0 = Debug|Any CPU
		{4C973531-A9D8-4F42-BAE0-24845692D249}.Release|Any CPU.ActiveCfg = Release|Any CPU
		{4C973531-A9D8-4F42-BAE0-24845692D249}.Release|Any CPU.Build.0 = Release|Any CPU
	EndGlobalSection
	GlobalSection(SolutionProperties) = preSolution
		HideSolutionNode = FALSE
	EndGlobalSection
	GlobalSection(ExtensibilityGlobals) = postSolution
		SolutionGuid = {7194A67F-D481-4BE6-BB9D-C9E23BFAD253}
	EndGlobalSection
EndGlobal
